// !$*UTF8*$!
{
	archiveVersion = 1;
	classes = {
	};
	objectVersion = 46;
	objects = {

/* Begin PBXBuildFile section */
		E50AA1A1158DE3F2006B9FC1 /* CGPointAdditions.c in Sources */ = {isa = PBXBuildFile; fileRef = E50AA18C158DE3F2006B9FC1 /* CGPointAdditions.c */; };
		E50AA1A2158DE3F2006B9FC1 /* FragmentShader.glsl in Resources */ = {isa = PBXBuildFile; fileRef = E50AA18F158DE3F2006B9FC1 /* FragmentShader.glsl */; };
		E50AA1A3158DE3F2006B9FC1 /* NextPageFragmentShader.glsl in Resources */ = {isa = PBXBuildFile; fileRef = E50AA190158DE3F2006B9FC1 /* NextPageFragmentShader.glsl */; };
		E50AA1A4158DE3F2006B9FC1 /* NextPageNoTextureFragmentShader.glsl in Resources */ = {isa = PBXBuildFile; fileRef = E50AA191158DE3F2006B9FC1 /* NextPageNoTextureFragmentShader.glsl */; };
		E50AA1A5158DE3F2006B9FC1 /* NextPageNoTextureVertexShader.glsl in Resources */ = {isa = PBXBuildFile; fileRef = E50AA192158DE3F2006B9FC1 /* NextPageNoTextureVertexShader.glsl */; };
		E50AA1A6158DE3F2006B9FC1 /* NextPageVertexShader.glsl in Resources */ = {isa = PBXBuildFile; fileRef = E50AA193158DE3F2006B9FC1 /* NextPageVertexShader.glsl */; };
		E50AA1A7158DE3F2006B9FC1 /* VertexShader.glsl in Resources */ = {isa = PBXBuildFile; fileRef = E50AA194158DE3F2006B9FC1 /* VertexShader.glsl */; };
		E50AA1A8158DE3F2006B9FC1 /* XBAnimation.m in Sources */ = {isa = PBXBuildFile; fileRef = E50AA196158DE3F2006B9FC1 /* XBAnimation.m */; };
		E50AA1A9158DE3F2006B9FC1 /* XBAnimationManager.m in Sources */ = {isa = PBXBuildFile; fileRef = E50AA198158DE3F2006B9FC1 /* XBAnimationManager.m */; };
		E50AA1AA158DE3F2006B9FC1 /* XBCurlView.m in Sources */ = {isa = PBXBuildFile; fileRef = E50AA19A158DE3F2006B9FC1 /* XBCurlView.m */; };
		E50AA1AB158DE3F2006B9FC1 /* XBPageCurlView.m in Sources */ = {isa = PBXBuildFile; fileRef = E50AA19C158DE3F2006B9FC1 /* XBPageCurlView.m */; };
		E50AA1AC158DE3F2006B9FC1 /* XBPageDragView.m in Sources */ = {isa = PBXBuildFile; fileRef = E50AA19E158DE3F2006B9FC1 /* XBPageDragView.m */; };
		E50AA1AD158DE3F2006B9FC1 /* XBSnappingPoint.m in Sources */ = {isa = PBXBuildFile; fileRef = E50AA1A0158DE3F2006B9FC1 /* XBSnappingPoint.m */; };
		E50AA1B4158DECD6006B9FC1 /* OpenGLES.framework in Frameworks */ = {isa = PBXBuildFile; fileRef = E50AA1B3158DECD6006B9FC1 /* OpenGLES.framework */; };
		E50AA1B6158DECE6006B9FC1 /* MapKit.framework in Frameworks */ = {isa = PBXBuildFile; fileRef = E50AA1B5158DECE6006B9FC1 /* MapKit.framework */; };
		E5184A82158D50FC00CD8310 /* libicucore.dylib in Frameworks */ = {isa = PBXBuildFile; fileRef = E5184A81158D50FC00CD8310 /* libicucore.dylib */; };
		E5184A84158D511200CD8310 /* Security.framework in Frameworks */ = {isa = PBXBuildFile; fileRef = E5184A83158D511200CD8310 /* Security.framework */; };
		E5184BB5158DD53800CD8310 /* ASIAuthenticationDialog.m in Sources */ = {isa = PBXBuildFile; fileRef = E5184B35158DD53700CD8310 /* ASIAuthenticationDialog.m */; };
		E5184BB6158DD53800CD8310 /* ASIDataCompressor.m in Sources */ = {isa = PBXBuildFile; fileRef = E5184B38158DD53700CD8310 /* ASIDataCompressor.m */; };
		E5184BB7158DD53800CD8310 /* ASIDataDecompressor.m in Sources */ = {isa = PBXBuildFile; fileRef = E5184B3A158DD53700CD8310 /* ASIDataDecompressor.m */; };
		E5184BB8158DD53800CD8310 /* ASIDownloadCache.m in Sources */ = {isa = PBXBuildFile; fileRef = E5184B3C158DD53800CD8310 /* ASIDownloadCache.m */; };
		E5184BB9158DD53800CD8310 /* ASIFormDataRequest.m in Sources */ = {isa = PBXBuildFile; fileRef = E5184B3E158DD53800CD8310 /* ASIFormDataRequest.m */; };
		E5184BBA158DD53800CD8310 /* ASIHTTPRequest.m in Sources */ = {isa = PBXBuildFile; fileRef = E5184B40158DD53800CD8310 /* ASIHTTPRequest.m */; };
		E5184BBB158DD53800CD8310 /* ASIInputStream.m in Sources */ = {isa = PBXBuildFile; fileRef = E5184B44158DD53800CD8310 /* ASIInputStream.m */; };
		E5184BBC158DD53800CD8310 /* ASINetworkQueue.m in Sources */ = {isa = PBXBuildFile; fileRef = E5184B46158DD53800CD8310 /* ASINetworkQueue.m */; };
		E5184BBD158DD53800CD8310 /* Reachability.m in Sources */ = {isa = PBXBuildFile; fileRef = E5184B4A158DD53800CD8310 /* Reachability.m */; };
		E5184BBE158DD53800CD8310 /* NSObject+SBJson.m in Sources */ = {isa = PBXBuildFile; fileRef = E5184B4D158DD53800CD8310 /* NSObject+SBJson.m */; };
		E5184BBF158DD53800CD8310 /* SBJsonParser.m in Sources */ = {isa = PBXBuildFile; fileRef = E5184B50158DD53800CD8310 /* SBJsonParser.m */; };
		E5184BC0158DD53800CD8310 /* SBJsonStreamParser.m in Sources */ = {isa = PBXBuildFile; fileRef = E5184B52158DD53800CD8310 /* SBJsonStreamParser.m */; };
		E5184BC1158DD53800CD8310 /* SBJsonStreamParserAccumulator.m in Sources */ = {isa = PBXBuildFile; fileRef = E5184B54158DD53800CD8310 /* SBJsonStreamParserAccumulator.m */; };
		E5184BC2158DD53800CD8310 /* SBJsonStreamParserAdapter.m in Sources */ = {isa = PBXBuildFile; fileRef = E5184B56158DD53800CD8310 /* SBJsonStreamParserAdapter.m */; };
		E5184BC3158DD53800CD8310 /* SBJsonStreamParserState.m in Sources */ = {isa = PBXBuildFile; fileRef = E5184B58158DD53800CD8310 /* SBJsonStreamParserState.m */; };
		E5184BC4158DD53800CD8310 /* SBJsonStreamWriter.m in Sources */ = {isa = PBXBuildFile; fileRef = E5184B5A158DD53800CD8310 /* SBJsonStreamWriter.m */; };
		E5184BC5158DD53800CD8310 /* SBJsonStreamWriterAccumulator.m in Sources */ = {isa = PBXBuildFile; fileRef = E5184B5C158DD53800CD8310 /* SBJsonStreamWriterAccumulator.m */; };
		E5184BC6158DD53800CD8310 /* SBJsonStreamWriterState.m in Sources */ = {isa = PBXBuildFile; fileRef = E5184B5E158DD53800CD8310 /* SBJsonStreamWriterState.m */; };
		E5184BC7158DD53800CD8310 /* SBJsonTokeniser.m in Sources */ = {isa = PBXBuildFile; fileRef = E5184B60158DD53800CD8310 /* SBJsonTokeniser.m */; };
		E5184BC8158DD53800CD8310 /* SBJsonUTF8Stream.m in Sources */ = {isa = PBXBuildFile; fileRef = E5184B62158DD53800CD8310 /* SBJsonUTF8Stream.m */; };
		E5184BC9158DD53800CD8310 /* SBJsonWriter.m in Sources */ = {isa = PBXBuildFile; fileRef = E5184B64158DD53800CD8310 /* SBJsonWriter.m */; };
		E5184BCA158DD53800CD8310 /* UINavigationItem+JTRevealSidebarV2.m in Sources */ = {isa = PBXBuildFile; fileRef = E5184B68158DD53800CD8310 /* UINavigationItem+JTRevealSidebarV2.m */; };
		E5184BCB158DD53800CD8310 /* UIViewController+JTRevealSidebarV2.m in Sources */ = {isa = PBXBuildFile; fileRef = E5184B6A158DD53800CD8310 /* UIViewController+JTRevealSidebarV2.m */; };
		E5184BCC158DD53800CD8310 /* png.c in Sources */ = {isa = PBXBuildFile; fileRef = E5184B6C158DD53800CD8310 /* png.c */; };
		E5184BCD158DD53800CD8310 /* pngerror.c in Sources */ = {isa = PBXBuildFile; fileRef = E5184B70158DD53800CD8310 /* pngerror.c */; };
		E5184BCE158DD53800CD8310 /* pngget.c in Sources */ = {isa = PBXBuildFile; fileRef = E5184B71158DD53800CD8310 /* pngget.c */; };
		E5184BCF158DD53800CD8310 /* pngmem.c in Sources */ = {isa = PBXBuildFile; fileRef = E5184B74158DD53800CD8310 /* pngmem.c */; };
		E5184BD0158DD53800CD8310 /* pngpread.c in Sources */ = {isa = PBXBuildFile; fileRef = E5184B75158DD53800CD8310 /* pngpread.c */; };
		E5184BD1158DD53800CD8310 /* pngread.c in Sources */ = {isa = PBXBuildFile; fileRef = E5184B77158DD53800CD8310 /* pngread.c */; };
		E5184BD2158DD53800CD8310 /* pngrio.c in Sources */ = {isa = PBXBuildFile; fileRef = E5184B78158DD53800CD8310 /* pngrio.c */; };
		E5184BD3158DD53800CD8310 /* pngrtran.c in Sources */ = {isa = PBXBuildFile; fileRef = E5184B79158DD53800CD8310 /* pngrtran.c */; };
		E5184BD4158DD53800CD8310 /* pngrutil.c in Sources */ = {isa = PBXBuildFile; fileRef = E5184B7A158DD53800CD8310 /* pngrutil.c */; };
		E5184BD5158DD53800CD8310 /* pngset.c in Sources */ = {isa = PBXBuildFile; fileRef = E5184B7B158DD53800CD8310 /* pngset.c */; };
		E5184BD6158DD53800CD8310 /* pngtrans.c in Sources */ = {isa = PBXBuildFile; fileRef = E5184B7D158DD53800CD8310 /* pngtrans.c */; };
		E5184BD7158DD53800CD8310 /* pngwio.c in Sources */ = {isa = PBXBuildFile; fileRef = E5184B7E158DD53800CD8310 /* pngwio.c */; };
		E5184BD8158DD53800CD8310 /* pngwrite.c in Sources */ = {isa = PBXBuildFile; fileRef = E5184B7F158DD53800CD8310 /* pngwrite.c */; };
		E5184BD9158DD53800CD8310 /* pngwtran.c in Sources */ = {isa = PBXBuildFile; fileRef = E5184B80158DD53800CD8310 /* pngwtran.c */; };
		E5184BDA158DD53800CD8310 /* pngwutil.c in Sources */ = {isa = PBXBuildFile; fileRef = E5184B81158DD53800CD8310 /* pngwutil.c */; };
		E5184BDC158DD53800CD8310 /* FileManager.m in Sources */ = {isa = PBXBuildFile; fileRef = E5184B87158DD53800CD8310 /* FileManager.m */; };
		E5184BDD158DD53800CD8310 /* qr_draw_png.mm in Sources */ = {isa = PBXBuildFile; fileRef = E5184B8B158DD53800CD8310 /* qr_draw_png.mm */; };
		E5184BDE158DD53800CD8310 /* QR_Encode.mm in Sources */ = {isa = PBXBuildFile; fileRef = E5184B8D158DD53800CD8310 /* QR_Encode.mm */; };
		E5184BDF158DD53800CD8310 /* base64.c in Sources */ = {isa = PBXBuildFile; fileRef = E5184B90158DD53800CD8310 /* base64.c */; };
		E5184BE0158DD53800CD8310 /* NSData+SRB64Additions.m in Sources */ = {isa = PBXBuildFile; fileRef = E5184B93158DD53800CD8310 /* NSData+SRB64Additions.m */; };
		E5184BE1158DD53800CD8310 /* SRWebSocket.m in Sources */ = {isa = PBXBuildFile; fileRef = E5184B96158DD53800CD8310 /* SRWebSocket.m */; };
		E5184BE8158DD60200CD8310 /* Barcode.mm in Sources */ = {isa = PBXBuildFile; fileRef = E5184BE7158DD60200CD8310 /* Barcode.mm */; };
		E5184C72158DD7C700CD8310 /* libzbar.a in Frameworks */ = {isa = PBXBuildFile; fileRef = E5184C6C158DD7C700CD8310 /* libzbar.a */; };
		E5184C73158DD7C700CD8310 /* zbar-back.png in Resources */ = {isa = PBXBuildFile; fileRef = E5184C6E158DD7C700CD8310 /* zbar-back.png */; };
		E5184C74158DD7C700CD8310 /* zbar-help.html in Resources */ = {isa = PBXBuildFile; fileRef = E5184C6F158DD7C700CD8310 /* zbar-help.html */; };
		E5184C75158DD7C700CD8310 /* zbar-helpicons.png in Resources */ = {isa = PBXBuildFile; fileRef = E5184C70158DD7C700CD8310 /* zbar-helpicons.png */; };
		E5184C76158DD7C700CD8310 /* zbar-samples.png in Resources */ = {isa = PBXBuildFile; fileRef = E5184C71158DD7C700CD8310 /* zbar-samples.png */; };
		E528A04B158734E700BEE946 /* AVFoundation.framework in Frameworks */ = {isa = PBXBuildFile; fileRef = E528A0491587346000BEE946 /* AVFoundation.framework */; settings = {ATTRIBUTES = (Weak, ); }; };
		E528A04D158734FA00BEE946 /* CoreMedia.framework in Frameworks */ = {isa = PBXBuildFile; fileRef = E528A04C158734FA00BEE946 /* CoreMedia.framework */; settings = {ATTRIBUTES = (Weak, ); }; };
		E528A04F1587350D00BEE946 /* CoreVideo.framework in Frameworks */ = {isa = PBXBuildFile; fileRef = E528A04E1587350D00BEE946 /* CoreVideo.framework */; settings = {ATTRIBUTES = (Weak, ); }; };
		E528A0511587351600BEE946 /* QuartzCore.framework in Frameworks */ = {isa = PBXBuildFile; fileRef = E528A0501587351600BEE946 /* QuartzCore.framework */; };
		E528A0531587352700BEE946 /* libiconv.dylib in Frameworks */ = {isa = PBXBuildFile; fileRef = E528A0521587352700BEE946 /* libiconv.dylib */; };
		E537FEDF1585E38700734D0C /* libz.dylib in Frameworks */ = {isa = PBXBuildFile; fileRef = E537FEDE1585E38700734D0C /* libz.dylib */; };
		E537FEE71585ECE100734D0C /* MainMenuViewController.m in Sources */ = {isa = PBXBuildFile; fileRef = E537FEE51585ECE100734D0C /* MainMenuViewController.m */; };
		E537FEE81585ECE100734D0C /* MainMenuViewController.xib in Resources */ = {isa = PBXBuildFile; fileRef = E537FEE61585ECE100734D0C /* MainMenuViewController.xib */; };
		E537FEEC1585ED2200734D0C /* WaitingRoomViewController.m in Sources */ = {isa = PBXBuildFile; fileRef = E537FEEA1585ED2100734D0C /* WaitingRoomViewController.m */; };
		E59CFDE515884E2B0004B1C8 /* QRConnecter.m in Sources */ = {isa = PBXBuildFile; fileRef = E59CFDE415884E2B0004B1C8 /* QRConnecter.m */; };
		E59CFDEE158856320004B1C8 /* ViewControllerFactory.m in Sources */ = {isa = PBXBuildFile; fileRef = E59CFDED158856320004B1C8 /* ViewControllerFactory.m */; };
		E59CFDF1158858B80004B1C8 /* Constants.m in Sources */ = {isa = PBXBuildFile; fileRef = E59CFDF0158858B80004B1C8 /* Constants.m */; };
		E5A57B8F158977A900D4809E /* BackendConnecter.m in Sources */ = {isa = PBXBuildFile; fileRef = E5A57B8E158977A900D4809E /* BackendConnecter.m */; };
		E5A57BA1158A452300D4809E /* SidebarViewController.m in Sources */ = {isa = PBXBuildFile; fileRef = E5A57BA0158A452200D4809E /* SidebarViewController.m */; };
		E5A57C28158AA98E00D4809E /* CFNetwork.framework in Frameworks */ = {isa = PBXBuildFile; fileRef = E5A57C27158AA98E00D4809E /* CFNetwork.framework */; };
		E5A57C2A158AA99400D4809E /* MobileCoreServices.framework in Frameworks */ = {isa = PBXBuildFile; fileRef = E5A57C29158AA99300D4809E /* MobileCoreServices.framework */; };
		E5A57C2C158AA99E00D4809E /* SystemConfiguration.framework in Frameworks */ = {isa = PBXBuildFile; fileRef = E5A57C2B158AA99E00D4809E /* SystemConfiguration.framework */; };
		E5A6F649158EB97F00DDA516 /* CreateWaitingRoomViewController.xib in Resources */ = {isa = PBXBuildFile; fileRef = E5A6F648158EB97F00DDA516 /* CreateWaitingRoomViewController.xib */; };
		E5A6F64D158EC37600DDA516 /* JoinWaitingRoomViewController.xib in Resources */ = {isa = PBXBuildFile; fileRef = E5A6F64C158EC37600DDA516 /* JoinWaitingRoomViewController.xib */; };
		E5D356491585848E00B69F44 /* UIKit.framework in Frameworks */ = {isa = PBXBuildFile; fileRef = E5D356481585848E00B69F44 /* UIKit.framework */; };
		E5D3564B1585848E00B69F44 /* Foundation.framework in Frameworks */ = {isa = PBXBuildFile; fileRef = E5D3564A1585848E00B69F44 /* Foundation.framework */; };
		E5D3564D1585848E00B69F44 /* CoreGraphics.framework in Frameworks */ = {isa = PBXBuildFile; fileRef = E5D3564C1585848E00B69F44 /* CoreGraphics.framework */; };
		E5D356531585848E00B69F44 /* InfoPlist.strings in Resources */ = {isa = PBXBuildFile; fileRef = E5D356511585848E00B69F44 /* InfoPlist.strings */; };
		E5D356551585848E00B69F44 /* main.m in Sources */ = {isa = PBXBuildFile; fileRef = E5D356541585848E00B69F44 /* main.m */; };
		E5D356591585848E00B69F44 /* QRConnectAppDelegate.m in Sources */ = {isa = PBXBuildFile; fileRef = E5D356581585848E00B69F44 /* QRConnectAppDelegate.m */; };
		E5D464D3158B2632000BA2C4 /* JoinWaitingRoomViewController.m in Sources */ = {isa = PBXBuildFile; fileRef = E5D464D1158B2632000BA2C4 /* JoinWaitingRoomViewController.m */; };
		E5D464DA158B3195000BA2C4 /* CreateWaitingRoomViewController.m in Sources */ = {isa = PBXBuildFile; fileRef = E5D464D8158B3195000BA2C4 /* CreateWaitingRoomViewController.m */; };
/* End PBXBuildFile section */

/* Begin PBXFileReference section */
		E50AA18C158DE3F2006B9FC1 /* CGPointAdditions.c */ = {isa = PBXFileReference; fileEncoding = 4; lastKnownFileType = sourcecode.c.c; path = CGPointAdditions.c; sourceTree = "<group>"; };
		E50AA18D158DE3F2006B9FC1 /* CGPointAdditions.h */ = {isa = PBXFileReference; fileEncoding = 4; lastKnownFileType = sourcecode.c.h; path = CGPointAdditions.h; sourceTree = "<group>"; };
		E50AA18F158DE3F2006B9FC1 /* FragmentShader.glsl */ = {isa = PBXFileReference; fileEncoding = 4; lastKnownFileType = text; path = FragmentShader.glsl; sourceTree = "<group>"; };
		E50AA190158DE3F2006B9FC1 /* NextPageFragmentShader.glsl */ = {isa = PBXFileReference; fileEncoding = 4; lastKnownFileType = text; path = NextPageFragmentShader.glsl; sourceTree = "<group>"; };
		E50AA191158DE3F2006B9FC1 /* NextPageNoTextureFragmentShader.glsl */ = {isa = PBXFileReference; fileEncoding = 4; lastKnownFileType = text; path = NextPageNoTextureFragmentShader.glsl; sourceTree = "<group>"; };
		E50AA192158DE3F2006B9FC1 /* NextPageNoTextureVertexShader.glsl */ = {isa = PBXFileReference; fileEncoding = 4; lastKnownFileType = text; path = NextPageNoTextureVertexShader.glsl; sourceTree = "<group>"; };
		E50AA193158DE3F2006B9FC1 /* NextPageVertexShader.glsl */ = {isa = PBXFileReference; fileEncoding = 4; lastKnownFileType = text; path = NextPageVertexShader.glsl; sourceTree = "<group>"; };
		E50AA194158DE3F2006B9FC1 /* VertexShader.glsl */ = {isa = PBXFileReference; fileEncoding = 4; lastKnownFileType = text; path = VertexShader.glsl; sourceTree = "<group>"; };
		E50AA195158DE3F2006B9FC1 /* XBAnimation.h */ = {isa = PBXFileReference; fileEncoding = 4; lastKnownFileType = sourcecode.c.h; path = XBAnimation.h; sourceTree = "<group>"; };
		E50AA196158DE3F2006B9FC1 /* XBAnimation.m */ = {isa = PBXFileReference; fileEncoding = 4; lastKnownFileType = sourcecode.c.objc; path = XBAnimation.m; sourceTree = "<group>"; };
		E50AA197158DE3F2006B9FC1 /* XBAnimationManager.h */ = {isa = PBXFileReference; fileEncoding = 4; lastKnownFileType = sourcecode.c.h; path = XBAnimationManager.h; sourceTree = "<group>"; };
		E50AA198158DE3F2006B9FC1 /* XBAnimationManager.m */ = {isa = PBXFileReference; fileEncoding = 4; lastKnownFileType = sourcecode.c.objc; path = XBAnimationManager.m; sourceTree = "<group>"; };
		E50AA199158DE3F2006B9FC1 /* XBCurlView.h */ = {isa = PBXFileReference; fileEncoding = 4; lastKnownFileType = sourcecode.c.h; path = XBCurlView.h; sourceTree = "<group>"; };
		E50AA19A158DE3F2006B9FC1 /* XBCurlView.m */ = {isa = PBXFileReference; fileEncoding = 4; lastKnownFileType = sourcecode.c.objc; path = XBCurlView.m; sourceTree = "<group>"; };
		E50AA19B158DE3F2006B9FC1 /* XBPageCurlView.h */ = {isa = PBXFileReference; fileEncoding = 4; lastKnownFileType = sourcecode.c.h; path = XBPageCurlView.h; sourceTree = "<group>"; };
		E50AA19C158DE3F2006B9FC1 /* XBPageCurlView.m */ = {isa = PBXFileReference; fileEncoding = 4; lastKnownFileType = sourcecode.c.objc; path = XBPageCurlView.m; sourceTree = "<group>"; };
		E50AA19D158DE3F2006B9FC1 /* XBPageDragView.h */ = {isa = PBXFileReference; fileEncoding = 4; lastKnownFileType = sourcecode.c.h; path = XBPageDragView.h; sourceTree = "<group>"; };
		E50AA19E158DE3F2006B9FC1 /* XBPageDragView.m */ = {isa = PBXFileReference; fileEncoding = 4; lastKnownFileType = sourcecode.c.objc; path = XBPageDragView.m; sourceTree = "<group>"; };
		E50AA19F158DE3F2006B9FC1 /* XBSnappingPoint.h */ = {isa = PBXFileReference; fileEncoding = 4; lastKnownFileType = sourcecode.c.h; path = XBSnappingPoint.h; sourceTree = "<group>"; };
		E50AA1A0158DE3F2006B9FC1 /* XBSnappingPoint.m */ = {isa = PBXFileReference; fileEncoding = 4; lastKnownFileType = sourcecode.c.objc; path = XBSnappingPoint.m; sourceTree = "<group>"; };
		E50AA1B3158DECD6006B9FC1 /* OpenGLES.framework */ = {isa = PBXFileReference; lastKnownFileType = wrapper.framework; name = OpenGLES.framework; path = System/Library/Frameworks/OpenGLES.framework; sourceTree = SDKROOT; };
		E50AA1B5158DECE6006B9FC1 /* MapKit.framework */ = {isa = PBXFileReference; lastKnownFileType = wrapper.framework; name = MapKit.framework; path = System/Library/Frameworks/MapKit.framework; sourceTree = SDKROOT; };
		E5184A81158D50FC00CD8310 /* libicucore.dylib */ = {isa = PBXFileReference; lastKnownFileType = "compiled.mach-o.dylib"; name = libicucore.dylib; path = usr/lib/libicucore.dylib; sourceTree = SDKROOT; };
		E5184A83158D511200CD8310 /* Security.framework */ = {isa = PBXFileReference; lastKnownFileType = wrapper.framework; name = Security.framework; path = System/Library/Frameworks/Security.framework; sourceTree = SDKROOT; };
		E5184B34158DD53700CD8310 /* ASIAuthenticationDialog.h */ = {isa = PBXFileReference; fileEncoding = 4; lastKnownFileType = sourcecode.c.h; path = ASIAuthenticationDialog.h; sourceTree = "<group>"; };
		E5184B35158DD53700CD8310 /* ASIAuthenticationDialog.m */ = {isa = PBXFileReference; fileEncoding = 4; lastKnownFileType = sourcecode.c.objc; path = ASIAuthenticationDialog.m; sourceTree = "<group>"; };
		E5184B36158DD53700CD8310 /* ASICacheDelegate.h */ = {isa = PBXFileReference; fileEncoding = 4; lastKnownFileType = sourcecode.c.h; path = ASICacheDelegate.h; sourceTree = "<group>"; };
		E5184B37158DD53700CD8310 /* ASIDataCompressor.h */ = {isa = PBXFileReference; fileEncoding = 4; lastKnownFileType = sourcecode.c.h; path = ASIDataCompressor.h; sourceTree = "<group>"; };
		E5184B38158DD53700CD8310 /* ASIDataCompressor.m */ = {isa = PBXFileReference; fileEncoding = 4; lastKnownFileType = sourcecode.c.objc; path = ASIDataCompressor.m; sourceTree = "<group>"; };
		E5184B39158DD53700CD8310 /* ASIDataDecompressor.h */ = {isa = PBXFileReference; fileEncoding = 4; lastKnownFileType = sourcecode.c.h; path = ASIDataDecompressor.h; sourceTree = "<group>"; };
		E5184B3A158DD53700CD8310 /* ASIDataDecompressor.m */ = {isa = PBXFileReference; fileEncoding = 4; lastKnownFileType = sourcecode.c.objc; path = ASIDataDecompressor.m; sourceTree = "<group>"; };
		E5184B3B158DD53700CD8310 /* ASIDownloadCache.h */ = {isa = PBXFileReference; fileEncoding = 4; lastKnownFileType = sourcecode.c.h; path = ASIDownloadCache.h; sourceTree = "<group>"; };
		E5184B3C158DD53800CD8310 /* ASIDownloadCache.m */ = {isa = PBXFileReference; fileEncoding = 4; lastKnownFileType = sourcecode.c.objc; path = ASIDownloadCache.m; sourceTree = "<group>"; };
		E5184B3D158DD53800CD8310 /* ASIFormDataRequest.h */ = {isa = PBXFileReference; fileEncoding = 4; lastKnownFileType = sourcecode.c.h; path = ASIFormDataRequest.h; sourceTree = "<group>"; };
		E5184B3E158DD53800CD8310 /* ASIFormDataRequest.m */ = {isa = PBXFileReference; fileEncoding = 4; lastKnownFileType = sourcecode.c.objc; path = ASIFormDataRequest.m; sourceTree = "<group>"; };
		E5184B3F158DD53800CD8310 /* ASIHTTPRequest.h */ = {isa = PBXFileReference; fileEncoding = 4; lastKnownFileType = sourcecode.c.h; path = ASIHTTPRequest.h; sourceTree = "<group>"; };
		E5184B40158DD53800CD8310 /* ASIHTTPRequest.m */ = {isa = PBXFileReference; fileEncoding = 4; lastKnownFileType = sourcecode.c.objc; path = ASIHTTPRequest.m; sourceTree = "<group>"; };
		E5184B41158DD53800CD8310 /* ASIHTTPRequestConfig.h */ = {isa = PBXFileReference; fileEncoding = 4; lastKnownFileType = sourcecode.c.h; path = ASIHTTPRequestConfig.h; sourceTree = "<group>"; };
		E5184B42158DD53800CD8310 /* ASIHTTPRequestDelegate.h */ = {isa = PBXFileReference; fileEncoding = 4; lastKnownFileType = sourcecode.c.h; path = ASIHTTPRequestDelegate.h; sourceTree = "<group>"; };
		E5184B43158DD53800CD8310 /* ASIInputStream.h */ = {isa = PBXFileReference; fileEncoding = 4; lastKnownFileType = sourcecode.c.h; path = ASIInputStream.h; sourceTree = "<group>"; };
		E5184B44158DD53800CD8310 /* ASIInputStream.m */ = {isa = PBXFileReference; fileEncoding = 4; lastKnownFileType = sourcecode.c.objc; path = ASIInputStream.m; sourceTree = "<group>"; };
		E5184B45158DD53800CD8310 /* ASINetworkQueue.h */ = {isa = PBXFileReference; fileEncoding = 4; lastKnownFileType = sourcecode.c.h; path = ASINetworkQueue.h; sourceTree = "<group>"; };
		E5184B46158DD53800CD8310 /* ASINetworkQueue.m */ = {isa = PBXFileReference; fileEncoding = 4; lastKnownFileType = sourcecode.c.objc; path = ASINetworkQueue.m; sourceTree = "<group>"; };
		E5184B47158DD53800CD8310 /* ASIProgressDelegate.h */ = {isa = PBXFileReference; fileEncoding = 4; lastKnownFileType = sourcecode.c.h; path = ASIProgressDelegate.h; sourceTree = "<group>"; };
		E5184B49158DD53800CD8310 /* Reachability.h */ = {isa = PBXFileReference; fileEncoding = 4; lastKnownFileType = sourcecode.c.h; path = Reachability.h; sourceTree = "<group>"; };
		E5184B4A158DD53800CD8310 /* Reachability.m */ = {isa = PBXFileReference; fileEncoding = 4; lastKnownFileType = sourcecode.c.objc; path = Reachability.m; sourceTree = "<group>"; };
		E5184B4C158DD53800CD8310 /* NSObject+SBJson.h */ = {isa = PBXFileReference; fileEncoding = 4; lastKnownFileType = sourcecode.c.h; path = "NSObject+SBJson.h"; sourceTree = "<group>"; };
		E5184B4D158DD53800CD8310 /* NSObject+SBJson.m */ = {isa = PBXFileReference; fileEncoding = 4; lastKnownFileType = sourcecode.c.objc; path = "NSObject+SBJson.m"; sourceTree = "<group>"; };
		E5184B4E158DD53800CD8310 /* SBJson.h */ = {isa = PBXFileReference; fileEncoding = 4; lastKnownFileType = sourcecode.c.h; path = SBJson.h; sourceTree = "<group>"; };
		E5184B4F158DD53800CD8310 /* SBJsonParser.h */ = {isa = PBXFileReference; fileEncoding = 4; lastKnownFileType = sourcecode.c.h; path = SBJsonParser.h; sourceTree = "<group>"; };
		E5184B50158DD53800CD8310 /* SBJsonParser.m */ = {isa = PBXFileReference; fileEncoding = 4; lastKnownFileType = sourcecode.c.objc; path = SBJsonParser.m; sourceTree = "<group>"; };
		E5184B51158DD53800CD8310 /* SBJsonStreamParser.h */ = {isa = PBXFileReference; fileEncoding = 4; lastKnownFileType = sourcecode.c.h; path = SBJsonStreamParser.h; sourceTree = "<group>"; };
		E5184B52158DD53800CD8310 /* SBJsonStreamParser.m */ = {isa = PBXFileReference; fileEncoding = 4; lastKnownFileType = sourcecode.c.objc; path = SBJsonStreamParser.m; sourceTree = "<group>"; };
		E5184B53158DD53800CD8310 /* SBJsonStreamParserAccumulator.h */ = {isa = PBXFileReference; fileEncoding = 4; lastKnownFileType = sourcecode.c.h; path = SBJsonStreamParserAccumulator.h; sourceTree = "<group>"; };
		E5184B54158DD53800CD8310 /* SBJsonStreamParserAccumulator.m */ = {isa = PBXFileReference; fileEncoding = 4; lastKnownFileType = sourcecode.c.objc; path = SBJsonStreamParserAccumulator.m; sourceTree = "<group>"; };
		E5184B55158DD53800CD8310 /* SBJsonStreamParserAdapter.h */ = {isa = PBXFileReference; fileEncoding = 4; lastKnownFileType = sourcecode.c.h; path = SBJsonStreamParserAdapter.h; sourceTree = "<group>"; };
		E5184B56158DD53800CD8310 /* SBJsonStreamParserAdapter.m */ = {isa = PBXFileReference; fileEncoding = 4; lastKnownFileType = sourcecode.c.objc; path = SBJsonStreamParserAdapter.m; sourceTree = "<group>"; };
		E5184B57158DD53800CD8310 /* SBJsonStreamParserState.h */ = {isa = PBXFileReference; fileEncoding = 4; lastKnownFileType = sourcecode.c.h; path = SBJsonStreamParserState.h; sourceTree = "<group>"; };
		E5184B58158DD53800CD8310 /* SBJsonStreamParserState.m */ = {isa = PBXFileReference; fileEncoding = 4; lastKnownFileType = sourcecode.c.objc; path = SBJsonStreamParserState.m; sourceTree = "<group>"; };
		E5184B59158DD53800CD8310 /* SBJsonStreamWriter.h */ = {isa = PBXFileReference; fileEncoding = 4; lastKnownFileType = sourcecode.c.h; path = SBJsonStreamWriter.h; sourceTree = "<group>"; };
		E5184B5A158DD53800CD8310 /* SBJsonStreamWriter.m */ = {isa = PBXFileReference; fileEncoding = 4; lastKnownFileType = sourcecode.c.objc; path = SBJsonStreamWriter.m; sourceTree = "<group>"; };
		E5184B5B158DD53800CD8310 /* SBJsonStreamWriterAccumulator.h */ = {isa = PBXFileReference; fileEncoding = 4; lastKnownFileType = sourcecode.c.h; path = SBJsonStreamWriterAccumulator.h; sourceTree = "<group>"; };
		E5184B5C158DD53800CD8310 /* SBJsonStreamWriterAccumulator.m */ = {isa = PBXFileReference; fileEncoding = 4; lastKnownFileType = sourcecode.c.objc; path = SBJsonStreamWriterAccumulator.m; sourceTree = "<group>"; };
		E5184B5D158DD53800CD8310 /* SBJsonStreamWriterState.h */ = {isa = PBXFileReference; fileEncoding = 4; lastKnownFileType = sourcecode.c.h; path = SBJsonStreamWriterState.h; sourceTree = "<group>"; };
		E5184B5E158DD53800CD8310 /* SBJsonStreamWriterState.m */ = {isa = PBXFileReference; fileEncoding = 4; lastKnownFileType = sourcecode.c.objc; path = SBJsonStreamWriterState.m; sourceTree = "<group>"; };
		E5184B5F158DD53800CD8310 /* SBJsonTokeniser.h */ = {isa = PBXFileReference; fileEncoding = 4; lastKnownFileType = sourcecode.c.h; path = SBJsonTokeniser.h; sourceTree = "<group>"; };
		E5184B60158DD53800CD8310 /* SBJsonTokeniser.m */ = {isa = PBXFileReference; fileEncoding = 4; lastKnownFileType = sourcecode.c.objc; path = SBJsonTokeniser.m; sourceTree = "<group>"; };
		E5184B61158DD53800CD8310 /* SBJsonUTF8Stream.h */ = {isa = PBXFileReference; fileEncoding = 4; lastKnownFileType = sourcecode.c.h; path = SBJsonUTF8Stream.h; sourceTree = "<group>"; };
		E5184B62158DD53800CD8310 /* SBJsonUTF8Stream.m */ = {isa = PBXFileReference; fileEncoding = 4; lastKnownFileType = sourcecode.c.objc; path = SBJsonUTF8Stream.m; sourceTree = "<group>"; };
		E5184B63158DD53800CD8310 /* SBJsonWriter.h */ = {isa = PBXFileReference; fileEncoding = 4; lastKnownFileType = sourcecode.c.h; path = SBJsonWriter.h; sourceTree = "<group>"; };
		E5184B64158DD53800CD8310 /* SBJsonWriter.m */ = {isa = PBXFileReference; fileEncoding = 4; lastKnownFileType = sourcecode.c.objc; path = SBJsonWriter.m; sourceTree = "<group>"; };
		E5184B66158DD53800CD8310 /* JTRevealSidebarV2Delegate.h */ = {isa = PBXFileReference; fileEncoding = 4; lastKnownFileType = sourcecode.c.h; path = JTRevealSidebarV2Delegate.h; sourceTree = "<group>"; };
		E5184B67158DD53800CD8310 /* UINavigationItem+JTRevealSidebarV2.h */ = {isa = PBXFileReference; fileEncoding = 4; lastKnownFileType = sourcecode.c.h; path = "UINavigationItem+JTRevealSidebarV2.h"; sourceTree = "<group>"; };
		E5184B68158DD53800CD8310 /* UINavigationItem+JTRevealSidebarV2.m */ = {isa = PBXFileReference; fileEncoding = 4; lastKnownFileType = sourcecode.c.objc; path = "UINavigationItem+JTRevealSidebarV2.m"; sourceTree = "<group>"; };
		E5184B69158DD53800CD8310 /* UIViewController+JTRevealSidebarV2.h */ = {isa = PBXFileReference; fileEncoding = 4; lastKnownFileType = sourcecode.c.h; path = "UIViewController+JTRevealSidebarV2.h"; sourceTree = "<group>"; };
		E5184B6A158DD53800CD8310 /* UIViewController+JTRevealSidebarV2.m */ = {isa = PBXFileReference; fileEncoding = 4; lastKnownFileType = sourcecode.c.objc; path = "UIViewController+JTRevealSidebarV2.m"; sourceTree = "<group>"; };
		E5184B6C158DD53800CD8310 /* png.c */ = {isa = PBXFileReference; fileEncoding = 4; lastKnownFileType = sourcecode.c.c; path = png.c; sourceTree = "<group>"; };
		E5184B6D158DD53800CD8310 /* png.h */ = {isa = PBXFileReference; fileEncoding = 4; lastKnownFileType = sourcecode.c.h; path = png.h; sourceTree = "<group>"; };
		E5184B6E158DD53800CD8310 /* pngconf.h */ = {isa = PBXFileReference; fileEncoding = 4; lastKnownFileType = sourcecode.c.h; path = pngconf.h; sourceTree = "<group>"; };
		E5184B6F158DD53800CD8310 /* pngdebug.h */ = {isa = PBXFileReference; fileEncoding = 4; lastKnownFileType = sourcecode.c.h; path = pngdebug.h; sourceTree = "<group>"; };
		E5184B70158DD53800CD8310 /* pngerror.c */ = {isa = PBXFileReference; fileEncoding = 4; lastKnownFileType = sourcecode.c.c; path = pngerror.c; sourceTree = "<group>"; };
		E5184B71158DD53800CD8310 /* pngget.c */ = {isa = PBXFileReference; fileEncoding = 4; lastKnownFileType = sourcecode.c.c; path = pngget.c; sourceTree = "<group>"; };
		E5184B72158DD53800CD8310 /* pnginfo.h */ = {isa = PBXFileReference; fileEncoding = 4; lastKnownFileType = sourcecode.c.h; path = pnginfo.h; sourceTree = "<group>"; };
		E5184B73158DD53800CD8310 /* pnglibconf.h */ = {isa = PBXFileReference; fileEncoding = 4; lastKnownFileType = sourcecode.c.h; path = pnglibconf.h; sourceTree = "<group>"; };
		E5184B74158DD53800CD8310 /* pngmem.c */ = {isa = PBXFileReference; fileEncoding = 4; lastKnownFileType = sourcecode.c.c; path = pngmem.c; sourceTree = "<group>"; };
		E5184B75158DD53800CD8310 /* pngpread.c */ = {isa = PBXFileReference; fileEncoding = 4; lastKnownFileType = sourcecode.c.c; path = pngpread.c; sourceTree = "<group>"; };
		E5184B76158DD53800CD8310 /* pngpriv.h */ = {isa = PBXFileReference; fileEncoding = 4; lastKnownFileType = sourcecode.c.h; path = pngpriv.h; sourceTree = "<group>"; };
		E5184B77158DD53800CD8310 /* pngread.c */ = {isa = PBXFileReference; fileEncoding = 4; lastKnownFileType = sourcecode.c.c; path = pngread.c; sourceTree = "<group>"; };
		E5184B78158DD53800CD8310 /* pngrio.c */ = {isa = PBXFileReference; fileEncoding = 4; lastKnownFileType = sourcecode.c.c; path = pngrio.c; sourceTree = "<group>"; };
		E5184B79158DD53800CD8310 /* pngrtran.c */ = {isa = PBXFileReference; fileEncoding = 4; lastKnownFileType = sourcecode.c.c; path = pngrtran.c; sourceTree = "<group>"; };
		E5184B7A158DD53800CD8310 /* pngrutil.c */ = {isa = PBXFileReference; fileEncoding = 4; lastKnownFileType = sourcecode.c.c; path = pngrutil.c; sourceTree = "<group>"; };
		E5184B7B158DD53800CD8310 /* pngset.c */ = {isa = PBXFileReference; fileEncoding = 4; lastKnownFileType = sourcecode.c.c; path = pngset.c; sourceTree = "<group>"; };
		E5184B7C158DD53800CD8310 /* pngstruct.h */ = {isa = PBXFileReference; fileEncoding = 4; lastKnownFileType = sourcecode.c.h; path = pngstruct.h; sourceTree = "<group>"; };
		E5184B7D158DD53800CD8310 /* pngtrans.c */ = {isa = PBXFileReference; fileEncoding = 4; lastKnownFileType = sourcecode.c.c; path = pngtrans.c; sourceTree = "<group>"; };
		E5184B7E158DD53800CD8310 /* pngwio.c */ = {isa = PBXFileReference; fileEncoding = 4; lastKnownFileType = sourcecode.c.c; path = pngwio.c; sourceTree = "<group>"; };
		E5184B7F158DD53800CD8310 /* pngwrite.c */ = {isa = PBXFileReference; fileEncoding = 4; lastKnownFileType = sourcecode.c.c; path = pngwrite.c; sourceTree = "<group>"; };
		E5184B80158DD53800CD8310 /* pngwtran.c */ = {isa = PBXFileReference; fileEncoding = 4; lastKnownFileType = sourcecode.c.c; path = pngwtran.c; sourceTree = "<group>"; };
		E5184B81158DD53800CD8310 /* pngwutil.c */ = {isa = PBXFileReference; fileEncoding = 4; lastKnownFileType = sourcecode.c.c; path = pngwutil.c; sourceTree = "<group>"; };
		E5184B82158DD53800CD8310 /* zlib.h */ = {isa = PBXFileReference; fileEncoding = 4; lastKnownFileType = sourcecode.c.h; path = zlib.h; sourceTree = "<group>"; };
		E5184B84158DD53800CD8310 /* Barcode.h */ = {isa = PBXFileReference; fileEncoding = 4; lastKnownFileType = sourcecode.c.h; path = Barcode.h; sourceTree = "<group>"; };
		E5184B86158DD53800CD8310 /* FileManager.h */ = {isa = PBXFileReference; fileEncoding = 4; lastKnownFileType = sourcecode.c.h; path = FileManager.h; sourceTree = "<group>"; };
		E5184B87158DD53800CD8310 /* FileManager.m */ = {isa = PBXFileReference; fileEncoding = 4; lastKnownFileType = sourcecode.c.objc; path = FileManager.m; sourceTree = "<group>"; };
		E5184B89158DD53800CD8310 /* qr_draw.h */ = {isa = PBXFileReference; fileEncoding = 4; lastKnownFileType = sourcecode.c.h; path = qr_draw.h; sourceTree = "<group>"; };
		E5184B8A158DD53800CD8310 /* qr_draw_png.h */ = {isa = PBXFileReference; fileEncoding = 4; lastKnownFileType = sourcecode.c.h; path = qr_draw_png.h; sourceTree = "<group>"; };
		E5184B8B158DD53800CD8310 /* qr_draw_png.mm */ = {isa = PBXFileReference; fileEncoding = 4; lastKnownFileType = sourcecode.cpp.objcpp; path = qr_draw_png.mm; sourceTree = "<group>"; };
		E5184B8C158DD53800CD8310 /* QR_Encode.h */ = {isa = PBXFileReference; fileEncoding = 4; lastKnownFileType = sourcecode.c.h; path = QR_Encode.h; sourceTree = "<group>"; };
		E5184B8D158DD53800CD8310 /* QR_Encode.mm */ = {isa = PBXFileReference; fileEncoding = 4; lastKnownFileType = sourcecode.cpp.objcpp; path = QR_Encode.mm; sourceTree = "<group>"; };
		E5184B8E158DD53800CD8310 /* win2ansi.h */ = {isa = PBXFileReference; fileEncoding = 4; lastKnownFileType = sourcecode.c.h; path = win2ansi.h; sourceTree = "<group>"; };
		E5184B90158DD53800CD8310 /* base64.c */ = {isa = PBXFileReference; fileEncoding = 4; lastKnownFileType = sourcecode.c.c; path = base64.c; sourceTree = "<group>"; };
		E5184B91158DD53800CD8310 /* base64.h */ = {isa = PBXFileReference; fileEncoding = 4; lastKnownFileType = sourcecode.c.h; path = base64.h; sourceTree = "<group>"; };
		E5184B92158DD53800CD8310 /* NSData+SRB64Additions.h */ = {isa = PBXFileReference; fileEncoding = 4; lastKnownFileType = sourcecode.c.h; path = "NSData+SRB64Additions.h"; sourceTree = "<group>"; };
		E5184B93158DD53800CD8310 /* NSData+SRB64Additions.m */ = {isa = PBXFileReference; fileEncoding = 4; lastKnownFileType = sourcecode.c.objc; path = "NSData+SRB64Additions.m"; sourceTree = "<group>"; };
		E5184B94158DD53800CD8310 /* SocketRocket-Prefix.pch */ = {isa = PBXFileReference; fileEncoding = 4; lastKnownFileType = sourcecode.c.h; path = "SocketRocket-Prefix.pch"; sourceTree = "<group>"; };
		E5184B95158DD53800CD8310 /* SRWebSocket.h */ = {isa = PBXFileReference; fileEncoding = 4; lastKnownFileType = sourcecode.c.h; path = SRWebSocket.h; sourceTree = "<group>"; };
		E5184B96158DD53800CD8310 /* SRWebSocket.m */ = {isa = PBXFileReference; fileEncoding = 4; lastKnownFileType = sourcecode.c.objc; path = SRWebSocket.m; sourceTree = "<group>"; };
		E5184BE7158DD60200CD8310 /* Barcode.mm */ = {isa = PBXFileReference; fileEncoding = 4; lastKnownFileType = sourcecode.cpp.objcpp; path = Barcode.mm; sourceTree = "<group>"; };
		E5184C58158DD7C700CD8310 /* Decoder.h */ = {isa = PBXFileReference; fileEncoding = 4; lastKnownFileType = sourcecode.c.h; path = Decoder.h; sourceTree = "<group>"; };
		E5184C59158DD7C700CD8310 /* Exception.h */ = {isa = PBXFileReference; fileEncoding = 4; lastKnownFileType = sourcecode.c.h; path = Exception.h; sourceTree = "<group>"; };
		E5184C5A158DD7C700CD8310 /* Image.h */ = {isa = PBXFileReference; fileEncoding = 4; lastKnownFileType = sourcecode.c.h; path = Image.h; sourceTree = "<group>"; };
		E5184C5B158DD7C700CD8310 /* ImageScanner.h */ = {isa = PBXFileReference; fileEncoding = 4; lastKnownFileType = sourcecode.c.h; path = ImageScanner.h; sourceTree = "<group>"; };
		E5184C5C158DD7C700CD8310 /* Processor.h */ = {isa = PBXFileReference; fileEncoding = 4; lastKnownFileType = sourcecode.c.h; path = Processor.h; sourceTree = "<group>"; };
		E5184C5D158DD7C700CD8310 /* Scanner.h */ = {isa = PBXFileReference; fileEncoding = 4; lastKnownFileType = sourcecode.c.h; path = Scanner.h; sourceTree = "<group>"; };
		E5184C5E158DD7C700CD8310 /* Symbol.h */ = {isa = PBXFileReference; fileEncoding = 4; lastKnownFileType = sourcecode.c.h; path = Symbol.h; sourceTree = "<group>"; };
		E5184C5F158DD7C700CD8310 /* Video.h */ = {isa = PBXFileReference; fileEncoding = 4; lastKnownFileType = sourcecode.c.h; path = Video.h; sourceTree = "<group>"; };
		E5184C60158DD7C700CD8310 /* Window.h */ = {isa = PBXFileReference; fileEncoding = 4; lastKnownFileType = sourcecode.c.h; path = Window.h; sourceTree = "<group>"; };
		E5184C61158DD7C700CD8310 /* zbar.h */ = {isa = PBXFileReference; fileEncoding = 4; lastKnownFileType = sourcecode.c.h; path = zbar.h; sourceTree = "<group>"; };
		E5184C62158DD7C700CD8310 /* ZBarCameraSimulator.h */ = {isa = PBXFileReference; fileEncoding = 4; lastKnownFileType = sourcecode.c.h; path = ZBarCameraSimulator.h; sourceTree = "<group>"; };
		E5184C63158DD7C700CD8310 /* ZBarCaptureReader.h */ = {isa = PBXFileReference; fileEncoding = 4; lastKnownFileType = sourcecode.c.h; path = ZBarCaptureReader.h; sourceTree = "<group>"; };
		E5184C64158DD7C700CD8310 /* ZBarHelpController.h */ = {isa = PBXFileReference; fileEncoding = 4; lastKnownFileType = sourcecode.c.h; path = ZBarHelpController.h; sourceTree = "<group>"; };
		E5184C65158DD7C700CD8310 /* ZBarImage.h */ = {isa = PBXFileReference; fileEncoding = 4; lastKnownFileType = sourcecode.c.h; path = ZBarImage.h; sourceTree = "<group>"; };
		E5184C66158DD7C700CD8310 /* ZBarImageScanner.h */ = {isa = PBXFileReference; fileEncoding = 4; lastKnownFileType = sourcecode.c.h; path = ZBarImageScanner.h; sourceTree = "<group>"; };
		E5184C67158DD7C700CD8310 /* ZBarReaderController.h */ = {isa = PBXFileReference; fileEncoding = 4; lastKnownFileType = sourcecode.c.h; path = ZBarReaderController.h; sourceTree = "<group>"; };
		E5184C68158DD7C700CD8310 /* ZBarReaderView.h */ = {isa = PBXFileReference; fileEncoding = 4; lastKnownFileType = sourcecode.c.h; path = ZBarReaderView.h; sourceTree = "<group>"; };
		E5184C69158DD7C700CD8310 /* ZBarReaderViewController.h */ = {isa = PBXFileReference; fileEncoding = 4; lastKnownFileType = sourcecode.c.h; path = ZBarReaderViewController.h; sourceTree = "<group>"; };
		E5184C6A158DD7C700CD8310 /* ZBarSDK.h */ = {isa = PBXFileReference; fileEncoding = 4; lastKnownFileType = sourcecode.c.h; path = ZBarSDK.h; sourceTree = "<group>"; };
		E5184C6B158DD7C700CD8310 /* ZBarSymbol.h */ = {isa = PBXFileReference; fileEncoding = 4; lastKnownFileType = sourcecode.c.h; path = ZBarSymbol.h; sourceTree = "<group>"; };
		E5184C6C158DD7C700CD8310 /* libzbar.a */ = {isa = PBXFileReference; lastKnownFileType = archive.ar; path = libzbar.a; sourceTree = "<group>"; };
		E5184C6E158DD7C700CD8310 /* zbar-back.png */ = {isa = PBXFileReference; lastKnownFileType = image.png; path = "zbar-back.png"; sourceTree = "<group>"; };
		E5184C6F158DD7C700CD8310 /* zbar-help.html */ = {isa = PBXFileReference; fileEncoding = 4; lastKnownFileType = text.html; path = "zbar-help.html"; sourceTree = "<group>"; };
		E5184C70158DD7C700CD8310 /* zbar-helpicons.png */ = {isa = PBXFileReference; lastKnownFileType = image.png; path = "zbar-helpicons.png"; sourceTree = "<group>"; };
		E5184C71158DD7C700CD8310 /* zbar-samples.png */ = {isa = PBXFileReference; lastKnownFileType = image.png; path = "zbar-samples.png"; sourceTree = "<group>"; };
		E528A0491587346000BEE946 /* AVFoundation.framework */ = {isa = PBXFileReference; lastKnownFileType = wrapper.framework; name = AVFoundation.framework; path = System/Library/Frameworks/AVFoundation.framework; sourceTree = SDKROOT; };
		E528A04C158734FA00BEE946 /* CoreMedia.framework */ = {isa = PBXFileReference; lastKnownFileType = wrapper.framework; name = CoreMedia.framework; path = System/Library/Frameworks/CoreMedia.framework; sourceTree = SDKROOT; };
		E528A04E1587350D00BEE946 /* CoreVideo.framework */ = {isa = PBXFileReference; lastKnownFileType = wrapper.framework; name = CoreVideo.framework; path = System/Library/Frameworks/CoreVideo.framework; sourceTree = SDKROOT; };
		E528A0501587351600BEE946 /* QuartzCore.framework */ = {isa = PBXFileReference; lastKnownFileType = wrapper.framework; name = QuartzCore.framework; path = System/Library/Frameworks/QuartzCore.framework; sourceTree = SDKROOT; };
		E528A0521587352700BEE946 /* libiconv.dylib */ = {isa = PBXFileReference; lastKnownFileType = "compiled.mach-o.dylib"; name = libiconv.dylib; path = usr/lib/libiconv.dylib; sourceTree = SDKROOT; };
		E537FEDE1585E38700734D0C /* libz.dylib */ = {isa = PBXFileReference; lastKnownFileType = "compiled.mach-o.dylib"; name = libz.dylib; path = usr/lib/libz.dylib; sourceTree = SDKROOT; };
		E537FEE41585ECE100734D0C /* MainMenuViewController.h */ = {isa = PBXFileReference; fileEncoding = 4; lastKnownFileType = sourcecode.c.h; path = MainMenuViewController.h; sourceTree = "<group>"; };
		E537FEE51585ECE100734D0C /* MainMenuViewController.m */ = {isa = PBXFileReference; fileEncoding = 4; lastKnownFileType = sourcecode.c.objc; path = MainMenuViewController.m; sourceTree = "<group>"; };
		E537FEE61585ECE100734D0C /* MainMenuViewController.xib */ = {isa = PBXFileReference; fileEncoding = 4; lastKnownFileType = file.xib; path = MainMenuViewController.xib; sourceTree = "<group>"; };
		E537FEE91585ED2100734D0C /* WaitingRoomViewController.h */ = {isa = PBXFileReference; fileEncoding = 4; lastKnownFileType = sourcecode.c.h; path = WaitingRoomViewController.h; sourceTree = "<group>"; };
		E537FEEA1585ED2100734D0C /* WaitingRoomViewController.m */ = {isa = PBXFileReference; fileEncoding = 4; lastKnownFileType = sourcecode.c.objc; path = WaitingRoomViewController.m; sourceTree = "<group>"; };
		E59CFDE315884E2B0004B1C8 /* QRConnecter.h */ = {isa = PBXFileReference; fileEncoding = 4; lastKnownFileType = sourcecode.c.h; path = QRConnecter.h; sourceTree = "<group>"; };
		E59CFDE415884E2B0004B1C8 /* QRConnecter.m */ = {isa = PBXFileReference; fileEncoding = 4; lastKnownFileType = sourcecode.c.objc; path = QRConnecter.m; sourceTree = "<group>"; };
		E59CFDEC158856320004B1C8 /* ViewControllerFactory.h */ = {isa = PBXFileReference; fileEncoding = 4; lastKnownFileType = sourcecode.c.h; path = ViewControllerFactory.h; sourceTree = "<group>"; };
		E59CFDED158856320004B1C8 /* ViewControllerFactory.m */ = {isa = PBXFileReference; fileEncoding = 4; lastKnownFileType = sourcecode.c.objc; path = ViewControllerFactory.m; sourceTree = "<group>"; };
		E59CFDEF158858B80004B1C8 /* Constants.h */ = {isa = PBXFileReference; fileEncoding = 4; lastKnownFileType = sourcecode.c.h; path = Constants.h; sourceTree = "<group>"; };
		E59CFDF0158858B80004B1C8 /* Constants.m */ = {isa = PBXFileReference; fileEncoding = 4; lastKnownFileType = sourcecode.c.objc; path = Constants.m; sourceTree = "<group>"; };
		E5A57B8D158977A900D4809E /* BackendConnecter.h */ = {isa = PBXFileReference; fileEncoding = 4; lastKnownFileType = sourcecode.c.h; path = BackendConnecter.h; sourceTree = "<group>"; };
		E5A57B8E158977A900D4809E /* BackendConnecter.m */ = {isa = PBXFileReference; fileEncoding = 4; lastKnownFileType = sourcecode.c.objc; path = BackendConnecter.m; sourceTree = "<group>"; };
		E5A57B9F158A452200D4809E /* SidebarViewController.h */ = {isa = PBXFileReference; fileEncoding = 4; lastKnownFileType = sourcecode.c.h; path = SidebarViewController.h; sourceTree = "<group>"; };
		E5A57BA0158A452200D4809E /* SidebarViewController.m */ = {isa = PBXFileReference; fileEncoding = 4; lastKnownFileType = sourcecode.c.objc; path = SidebarViewController.m; sourceTree = "<group>"; };
		E5A57C27158AA98E00D4809E /* CFNetwork.framework */ = {isa = PBXFileReference; lastKnownFileType = wrapper.framework; name = CFNetwork.framework; path = System/Library/Frameworks/CFNetwork.framework; sourceTree = SDKROOT; };
		E5A57C29158AA99300D4809E /* MobileCoreServices.framework */ = {isa = PBXFileReference; lastKnownFileType = wrapper.framework; name = MobileCoreServices.framework; path = System/Library/Frameworks/MobileCoreServices.framework; sourceTree = SDKROOT; };
		E5A57C2B158AA99E00D4809E /* SystemConfiguration.framework */ = {isa = PBXFileReference; lastKnownFileType = wrapper.framework; name = SystemConfiguration.framework; path = System/Library/Frameworks/SystemConfiguration.framework; sourceTree = SDKROOT; };
		E5A6F648158EB97F00DDA516 /* CreateWaitingRoomViewController.xib */ = {isa = PBXFileReference; fileEncoding = 4; lastKnownFileType = file.xib; path = CreateWaitingRoomViewController.xib; sourceTree = "<group>"; };
		E5A6F64C158EC37600DDA516 /* JoinWaitingRoomViewController.xib */ = {isa = PBXFileReference; fileEncoding = 4; lastKnownFileType = file.xib; path = JoinWaitingRoomViewController.xib; sourceTree = "<group>"; };
		E5D356441585848E00B69F44 /* QRConnect.app */ = {isa = PBXFileReference; explicitFileType = wrapper.application; includeInIndex = 0; path = QRConnect.app; sourceTree = BUILT_PRODUCTS_DIR; };
		E5D356481585848E00B69F44 /* UIKit.framework */ = {isa = PBXFileReference; lastKnownFileType = wrapper.framework; name = UIKit.framework; path = System/Library/Frameworks/UIKit.framework; sourceTree = SDKROOT; };
		E5D3564A1585848E00B69F44 /* Foundation.framework */ = {isa = PBXFileReference; lastKnownFileType = wrapper.framework; name = Foundation.framework; path = System/Library/Frameworks/Foundation.framework; sourceTree = SDKROOT; };
		E5D3564C1585848E00B69F44 /* CoreGraphics.framework */ = {isa = PBXFileReference; lastKnownFileType = wrapper.framework; name = CoreGraphics.framework; path = System/Library/Frameworks/CoreGraphics.framework; sourceTree = SDKROOT; };
		E5D356501585848E00B69F44 /* QRConnect-Info.plist */ = {isa = PBXFileReference; lastKnownFileType = text.plist.xml; path = "QRConnect-Info.plist"; sourceTree = "<group>"; };
		E5D356521585848E00B69F44 /* en */ = {isa = PBXFileReference; lastKnownFileType = text.plist.strings; name = en; path = en.lproj/InfoPlist.strings; sourceTree = "<group>"; };
		E5D356541585848E00B69F44 /* main.m */ = {isa = PBXFileReference; lastKnownFileType = sourcecode.c.objc; path = main.m; sourceTree = "<group>"; };
		E5D356561585848E00B69F44 /* QRConnect-Prefix.pch */ = {isa = PBXFileReference; lastKnownFileType = sourcecode.c.h; path = "QRConnect-Prefix.pch"; sourceTree = "<group>"; };
		E5D356571585848E00B69F44 /* QRConnectAppDelegate.h */ = {isa = PBXFileReference; lastKnownFileType = sourcecode.c.h; path = QRConnectAppDelegate.h; sourceTree = "<group>"; };
		E5D356581585848E00B69F44 /* QRConnectAppDelegate.m */ = {isa = PBXFileReference; lastKnownFileType = sourcecode.c.objc; path = QRConnectAppDelegate.m; sourceTree = "<group>"; };
		E5D464D0158B2632000BA2C4 /* JoinWaitingRoomViewController.h */ = {isa = PBXFileReference; fileEncoding = 4; lastKnownFileType = sourcecode.c.h; path = JoinWaitingRoomViewController.h; sourceTree = "<group>"; };
		E5D464D1158B2632000BA2C4 /* JoinWaitingRoomViewController.m */ = {isa = PBXFileReference; fileEncoding = 4; lastKnownFileType = sourcecode.c.objc; path = JoinWaitingRoomViewController.m; sourceTree = "<group>"; };
		E5D464D7158B3195000BA2C4 /* CreateWaitingRoomViewController.h */ = {isa = PBXFileReference; fileEncoding = 4; lastKnownFileType = sourcecode.c.h; path = CreateWaitingRoomViewController.h; sourceTree = "<group>"; };
		E5D464D8158B3195000BA2C4 /* CreateWaitingRoomViewController.m */ = {isa = PBXFileReference; fileEncoding = 4; lastKnownFileType = sourcecode.c.objc; path = CreateWaitingRoomViewController.m; sourceTree = "<group>"; };
/* End PBXFileReference section */

/* Begin PBXFrameworksBuildPhase section */
		E5D356411585848E00B69F44 /* Frameworks */ = {
			isa = PBXFrameworksBuildPhase;
			buildActionMask = 2147483647;
			files = (
				E50AA1B6158DECE6006B9FC1 /* MapKit.framework in Frameworks */,
				E50AA1B4158DECD6006B9FC1 /* OpenGLES.framework in Frameworks */,
				E5D3564B1585848E00B69F44 /* Foundation.framework in Frameworks */,
				E5184A84158D511200CD8310 /* Security.framework in Frameworks */,
				E5A57C28158AA98E00D4809E /* CFNetwork.framework in Frameworks */,
				E5184A82158D50FC00CD8310 /* libicucore.dylib in Frameworks */,
				E5A57C2C158AA99E00D4809E /* SystemConfiguration.framework in Frameworks */,
				E5A57C2A158AA99400D4809E /* MobileCoreServices.framework in Frameworks */,
				E537FEDF1585E38700734D0C /* libz.dylib in Frameworks */,
				E528A0531587352700BEE946 /* libiconv.dylib in Frameworks */,
				E528A0511587351600BEE946 /* QuartzCore.framework in Frameworks */,
				E528A04F1587350D00BEE946 /* CoreVideo.framework in Frameworks */,
				E528A04D158734FA00BEE946 /* CoreMedia.framework in Frameworks */,
				E528A04B158734E700BEE946 /* AVFoundation.framework in Frameworks */,
				E5D356491585848E00B69F44 /* UIKit.framework in Frameworks */,
				E5D3564D1585848E00B69F44 /* CoreGraphics.framework in Frameworks */,
				E5184C72158DD7C700CD8310 /* libzbar.a in Frameworks */,
			);
			runOnlyForDeploymentPostprocessing = 0;
		};
/* End PBXFrameworksBuildPhase section */

/* Begin PBXGroup section */
		E50AA18B158DE3F2006B9FC1 /* XBPageCurl */ = {
			isa = PBXGroup;
			children = (
				E50AA18C158DE3F2006B9FC1 /* CGPointAdditions.c */,
				E50AA18D158DE3F2006B9FC1 /* CGPointAdditions.h */,
				E50AA18E158DE3F2006B9FC1 /* Resources */,
				E50AA195158DE3F2006B9FC1 /* XBAnimation.h */,
				E50AA196158DE3F2006B9FC1 /* XBAnimation.m */,
				E50AA197158DE3F2006B9FC1 /* XBAnimationManager.h */,
				E50AA198158DE3F2006B9FC1 /* XBAnimationManager.m */,
				E50AA199158DE3F2006B9FC1 /* XBCurlView.h */,
				E50AA19A158DE3F2006B9FC1 /* XBCurlView.m */,
				E50AA19B158DE3F2006B9FC1 /* XBPageCurlView.h */,
				E50AA19C158DE3F2006B9FC1 /* XBPageCurlView.m */,
				E50AA19D158DE3F2006B9FC1 /* XBPageDragView.h */,
				E50AA19E158DE3F2006B9FC1 /* XBPageDragView.m */,
				E50AA19F158DE3F2006B9FC1 /* XBSnappingPoint.h */,
				E50AA1A0158DE3F2006B9FC1 /* XBSnappingPoint.m */,
			);
			path = XBPageCurl;
			sourceTree = "<group>";
		};
		E50AA18E158DE3F2006B9FC1 /* Resources */ = {
			isa = PBXGroup;
			children = (
				E50AA18F158DE3F2006B9FC1 /* FragmentShader.glsl */,
				E50AA190158DE3F2006B9FC1 /* NextPageFragmentShader.glsl */,
				E50AA191158DE3F2006B9FC1 /* NextPageNoTextureFragmentShader.glsl */,
				E50AA192158DE3F2006B9FC1 /* NextPageNoTextureVertexShader.glsl */,
				E50AA193158DE3F2006B9FC1 /* NextPageVertexShader.glsl */,
				E50AA194158DE3F2006B9FC1 /* VertexShader.glsl */,
			);
			path = Resources;
			sourceTree = "<group>";
		};
		E5184B32158DD53700CD8310 /* Libraries */ = {
			isa = PBXGroup;
			children = (
				E50AA18B158DE3F2006B9FC1 /* XBPageCurl */,
				E5184C54158DD7C700CD8310 /* ZBarSDK */,
				E5184B33158DD53700CD8310 /* ASIHTTPRequest */,
				E5184B4B158DD53800CD8310 /* JSON */,
				E5184B65158DD53800CD8310 /* JTRevealSidebarV2 */,
				E5184B6B158DD53800CD8310 /* libpng */,
				E5184B83158DD53800CD8310 /* QRCodeEncoder */,
				E5184B88158DD53800CD8310 /* QRDraw */,
				E5184B8F158DD53800CD8310 /* SocketRocket */,
			);
			path = Libraries;
			sourceTree = "<group>";
		};
		E5184B33158DD53700CD8310 /* ASIHTTPRequest */ = {
			isa = PBXGroup;
			children = (
				E5184B34158DD53700CD8310 /* ASIAuthenticationDialog.h */,
				E5184B35158DD53700CD8310 /* ASIAuthenticationDialog.m */,
				E5184B36158DD53700CD8310 /* ASICacheDelegate.h */,
				E5184B37158DD53700CD8310 /* ASIDataCompressor.h */,
				E5184B38158DD53700CD8310 /* ASIDataCompressor.m */,
				E5184B39158DD53700CD8310 /* ASIDataDecompressor.h */,
				E5184B3A158DD53700CD8310 /* ASIDataDecompressor.m */,
				E5184B3B158DD53700CD8310 /* ASIDownloadCache.h */,
				E5184B3C158DD53800CD8310 /* ASIDownloadCache.m */,
				E5184B3D158DD53800CD8310 /* ASIFormDataRequest.h */,
				E5184B3E158DD53800CD8310 /* ASIFormDataRequest.m */,
				E5184B3F158DD53800CD8310 /* ASIHTTPRequest.h */,
				E5184B40158DD53800CD8310 /* ASIHTTPRequest.m */,
				E5184B41158DD53800CD8310 /* ASIHTTPRequestConfig.h */,
				E5184B42158DD53800CD8310 /* ASIHTTPRequestDelegate.h */,
				E5184B43158DD53800CD8310 /* ASIInputStream.h */,
				E5184B44158DD53800CD8310 /* ASIInputStream.m */,
				E5184B45158DD53800CD8310 /* ASINetworkQueue.h */,
				E5184B46158DD53800CD8310 /* ASINetworkQueue.m */,
				E5184B47158DD53800CD8310 /* ASIProgressDelegate.h */,
				E5184B48158DD53800CD8310 /* Reachability */,
			);
			path = ASIHTTPRequest;
			sourceTree = "<group>";
		};
		E5184B48158DD53800CD8310 /* Reachability */ = {
			isa = PBXGroup;
			children = (
				E5184B49158DD53800CD8310 /* Reachability.h */,
				E5184B4A158DD53800CD8310 /* Reachability.m */,
			);
			path = Reachability;
			sourceTree = "<group>";
		};
		E5184B4B158DD53800CD8310 /* JSON */ = {
			isa = PBXGroup;
			children = (
				E5184B4C158DD53800CD8310 /* NSObject+SBJson.h */,
				E5184B4D158DD53800CD8310 /* NSObject+SBJson.m */,
				E5184B4E158DD53800CD8310 /* SBJson.h */,
				E5184B4F158DD53800CD8310 /* SBJsonParser.h */,
				E5184B50158DD53800CD8310 /* SBJsonParser.m */,
				E5184B51158DD53800CD8310 /* SBJsonStreamParser.h */,
				E5184B52158DD53800CD8310 /* SBJsonStreamParser.m */,
				E5184B53158DD53800CD8310 /* SBJsonStreamParserAccumulator.h */,
				E5184B54158DD53800CD8310 /* SBJsonStreamParserAccumulator.m */,
				E5184B55158DD53800CD8310 /* SBJsonStreamParserAdapter.h */,
				E5184B56158DD53800CD8310 /* SBJsonStreamParserAdapter.m */,
				E5184B57158DD53800CD8310 /* SBJsonStreamParserState.h */,
				E5184B58158DD53800CD8310 /* SBJsonStreamParserState.m */,
				E5184B59158DD53800CD8310 /* SBJsonStreamWriter.h */,
				E5184B5A158DD53800CD8310 /* SBJsonStreamWriter.m */,
				E5184B5B158DD53800CD8310 /* SBJsonStreamWriterAccumulator.h */,
				E5184B5C158DD53800CD8310 /* SBJsonStreamWriterAccumulator.m */,
				E5184B5D158DD53800CD8310 /* SBJsonStreamWriterState.h */,
				E5184B5E158DD53800CD8310 /* SBJsonStreamWriterState.m */,
				E5184B5F158DD53800CD8310 /* SBJsonTokeniser.h */,
				E5184B60158DD53800CD8310 /* SBJsonTokeniser.m */,
				E5184B61158DD53800CD8310 /* SBJsonUTF8Stream.h */,
				E5184B62158DD53800CD8310 /* SBJsonUTF8Stream.m */,
				E5184B63158DD53800CD8310 /* SBJsonWriter.h */,
				E5184B64158DD53800CD8310 /* SBJsonWriter.m */,
			);
			path = JSON;
			sourceTree = "<group>";
		};
		E5184B65158DD53800CD8310 /* JTRevealSidebarV2 */ = {
			isa = PBXGroup;
			children = (
				E5184B66158DD53800CD8310 /* JTRevealSidebarV2Delegate.h */,
				E5184B67158DD53800CD8310 /* UINavigationItem+JTRevealSidebarV2.h */,
				E5184B68158DD53800CD8310 /* UINavigationItem+JTRevealSidebarV2.m */,
				E5184B69158DD53800CD8310 /* UIViewController+JTRevealSidebarV2.h */,
				E5184B6A158DD53800CD8310 /* UIViewController+JTRevealSidebarV2.m */,
			);
			path = JTRevealSidebarV2;
			sourceTree = "<group>";
		};
		E5184B6B158DD53800CD8310 /* libpng */ = {
			isa = PBXGroup;
			children = (
				E5184B6C158DD53800CD8310 /* png.c */,
				E5184B6D158DD53800CD8310 /* png.h */,
				E5184B6E158DD53800CD8310 /* pngconf.h */,
				E5184B6F158DD53800CD8310 /* pngdebug.h */,
				E5184B70158DD53800CD8310 /* pngerror.c */,
				E5184B71158DD53800CD8310 /* pngget.c */,
				E5184B72158DD53800CD8310 /* pnginfo.h */,
				E5184B73158DD53800CD8310 /* pnglibconf.h */,
				E5184B74158DD53800CD8310 /* pngmem.c */,
				E5184B75158DD53800CD8310 /* pngpread.c */,
				E5184B76158DD53800CD8310 /* pngpriv.h */,
				E5184B77158DD53800CD8310 /* pngread.c */,
				E5184B78158DD53800CD8310 /* pngrio.c */,
				E5184B79158DD53800CD8310 /* pngrtran.c */,
				E5184B7A158DD53800CD8310 /* pngrutil.c */,
				E5184B7B158DD53800CD8310 /* pngset.c */,
				E5184B7C158DD53800CD8310 /* pngstruct.h */,
				E5184B7D158DD53800CD8310 /* pngtrans.c */,
				E5184B7E158DD53800CD8310 /* pngwio.c */,
				E5184B7F158DD53800CD8310 /* pngwrite.c */,
				E5184B80158DD53800CD8310 /* pngwtran.c */,
				E5184B81158DD53800CD8310 /* pngwutil.c */,
				E5184B82158DD53800CD8310 /* zlib.h */,
			);
			path = libpng;
			sourceTree = "<group>";
		};
		E5184B83158DD53800CD8310 /* QRCodeEncoder */ = {
			isa = PBXGroup;
			children = (
				E5184B84158DD53800CD8310 /* Barcode.h */,
				E5184BE7158DD60200CD8310 /* Barcode.mm */,
				E5184B86158DD53800CD8310 /* FileManager.h */,
				E5184B87158DD53800CD8310 /* FileManager.m */,
			);
			path = QRCodeEncoder;
			sourceTree = "<group>";
		};
		E5184B88158DD53800CD8310 /* QRDraw */ = {
			isa = PBXGroup;
			children = (
				E5184B89158DD53800CD8310 /* qr_draw.h */,
				E5184B8A158DD53800CD8310 /* qr_draw_png.h */,
				E5184B8B158DD53800CD8310 /* qr_draw_png.mm */,
				E5184B8C158DD53800CD8310 /* QR_Encode.h */,
				E5184B8D158DD53800CD8310 /* QR_Encode.mm */,
				E5184B8E158DD53800CD8310 /* win2ansi.h */,
			);
			path = QRDraw;
			sourceTree = "<group>";
		};
		E5184B8F158DD53800CD8310 /* SocketRocket */ = {
			isa = PBXGroup;
			children = (
				E5184B90158DD53800CD8310 /* base64.c */,
				E5184B91158DD53800CD8310 /* base64.h */,
				E5184B92158DD53800CD8310 /* NSData+SRB64Additions.h */,
				E5184B93158DD53800CD8310 /* NSData+SRB64Additions.m */,
				E5184B94158DD53800CD8310 /* SocketRocket-Prefix.pch */,
				E5184B95158DD53800CD8310 /* SRWebSocket.h */,
				E5184B96158DD53800CD8310 /* SRWebSocket.m */,
			);
			path = SocketRocket;
			sourceTree = "<group>";
		};
		E5184C54158DD7C700CD8310 /* ZBarSDK */ = {
			isa = PBXGroup;
			children = (
				E5184C55158DD7C700CD8310 /* Headers */,
				E5184C6C158DD7C700CD8310 /* libzbar.a */,
				E5184C6D158DD7C700CD8310 /* Resources */,
			);
			path = ZBarSDK;
			sourceTree = "<group>";
		};
		E5184C55158DD7C700CD8310 /* Headers */ = {
			isa = PBXGroup;
			children = (
				E5184C56158DD7C700CD8310 /* ZBarSDK */,
			);
			path = Headers;
			sourceTree = "<group>";
		};
		E5184C56158DD7C700CD8310 /* ZBarSDK */ = {
			isa = PBXGroup;
			children = (
				E5184C57158DD7C700CD8310 /* zbar */,
				E5184C61158DD7C700CD8310 /* zbar.h */,
				E5184C62158DD7C700CD8310 /* ZBarCameraSimulator.h */,
				E5184C63158DD7C700CD8310 /* ZBarCaptureReader.h */,
				E5184C64158DD7C700CD8310 /* ZBarHelpController.h */,
				E5184C65158DD7C700CD8310 /* ZBarImage.h */,
				E5184C66158DD7C700CD8310 /* ZBarImageScanner.h */,
				E5184C67158DD7C700CD8310 /* ZBarReaderController.h */,
				E5184C68158DD7C700CD8310 /* ZBarReaderView.h */,
				E5184C69158DD7C700CD8310 /* ZBarReaderViewController.h */,
				E5184C6A158DD7C700CD8310 /* ZBarSDK.h */,
				E5184C6B158DD7C700CD8310 /* ZBarSymbol.h */,
			);
			path = ZBarSDK;
			sourceTree = "<group>";
		};
		E5184C57158DD7C700CD8310 /* zbar */ = {
			isa = PBXGroup;
			children = (
				E5184C58158DD7C700CD8310 /* Decoder.h */,
				E5184C59158DD7C700CD8310 /* Exception.h */,
				E5184C5A158DD7C700CD8310 /* Image.h */,
				E5184C5B158DD7C700CD8310 /* ImageScanner.h */,
				E5184C5C158DD7C700CD8310 /* Processor.h */,
				E5184C5D158DD7C700CD8310 /* Scanner.h */,
				E5184C5E158DD7C700CD8310 /* Symbol.h */,
				E5184C5F158DD7C700CD8310 /* Video.h */,
				E5184C60158DD7C700CD8310 /* Window.h */,
			);
			path = zbar;
			sourceTree = "<group>";
		};
		E5184C6D158DD7C700CD8310 /* Resources */ = {
			isa = PBXGroup;
			children = (
				E5184C6E158DD7C700CD8310 /* zbar-back.png */,
				E5184C6F158DD7C700CD8310 /* zbar-help.html */,
				E5184C70158DD7C700CD8310 /* zbar-helpicons.png */,
				E5184C71158DD7C700CD8310 /* zbar-samples.png */,
			);
			path = Resources;
			sourceTree = "<group>";
		};
		E528A02215871E9400BEE946 /* ViewControllers */ = {
			isa = PBXGroup;
			children = (
				E5A57B9F158A452200D4809E /* SidebarViewController.h */,
				E5A57BA0158A452200D4809E /* SidebarViewController.m */,
				E59CFDEC158856320004B1C8 /* ViewControllerFactory.h */,
				E59CFDED158856320004B1C8 /* ViewControllerFactory.m */,
				E5A57C2D158AB46A00D4809E /* WaitingRoom */,
				E537FEE41585ECE100734D0C /* MainMenuViewController.h */,
				E537FEE51585ECE100734D0C /* MainMenuViewController.m */,
			);
			name = ViewControllers;
			sourceTree = "<group>";
		};
		E5A57B8B1589774300D4809E /* Backend */ = {
			isa = PBXGroup;
			children = (
				E5A57B8D158977A900D4809E /* BackendConnecter.h */,
				E5A57B8E158977A900D4809E /* BackendConnecter.m */,
			);
			name = Backend;
			sourceTree = "<group>";
		};
		E5A57C2D158AB46A00D4809E /* WaitingRoom */ = {
			isa = PBXGroup;
			children = (
				E537FEE91585ED2100734D0C /* WaitingRoomViewController.h */,
				E537FEEA1585ED2100734D0C /* WaitingRoomViewController.m */,
				E5D464D7158B3195000BA2C4 /* CreateWaitingRoomViewController.h */,
				E5D464D8158B3195000BA2C4 /* CreateWaitingRoomViewController.m */,
				E5D464D0158B2632000BA2C4 /* JoinWaitingRoomViewController.h */,
				E5D464D1158B2632000BA2C4 /* JoinWaitingRoomViewController.m */,
			);
			name = WaitingRoom;
			sourceTree = "<group>";
		};
		E5B09472158965CA00465AD9 /* Resources */ = {
			isa = PBXGroup;
			children = (
				E5B09473158965EB00465AD9 /* Views */,
			);
			name = Resources;
			sourceTree = "<group>";
		};
		E5B09473158965EB00465AD9 /* Views */ = {
			isa = PBXGroup;
			children = (
				E5A6F648158EB97F00DDA516 /* CreateWaitingRoomViewController.xib */,
				E5A6F64C158EC37600DDA516 /* JoinWaitingRoomViewController.xib */,
				E537FEE61585ECE100734D0C /* MainMenuViewController.xib */,
			);
			name = Views;
			sourceTree = "<group>";
		};
		E5D356391585848E00B69F44 = {
			isa = PBXGroup;
			children = (
				E5184B32158DD53700CD8310 /* Libraries */,
				E5D3564E1585848E00B69F44 /* QRConnect */,
				E5D356471585848E00B69F44 /* Frameworks */,
				E5D356451585848E00B69F44 /* Products */,
			);
			sourceTree = "<group>";
		};
		E5D356451585848E00B69F44 /* Products */ = {
			isa = PBXGroup;
			children = (
				E5D356441585848E00B69F44 /* QRConnect.app */,
			);
			name = Products;
			sourceTree = "<group>";
		};
		E5D356471585848E00B69F44 /* Frameworks */ = {
			isa = PBXGroup;
			children = (
				E50AA1B5158DECE6006B9FC1 /* MapKit.framework */,
				E50AA1B3158DECD6006B9FC1 /* OpenGLES.framework */,
				E5184A83158D511200CD8310 /* Security.framework */,
				E5184A81158D50FC00CD8310 /* libicucore.dylib */,
				E5A57C2B158AA99E00D4809E /* SystemConfiguration.framework */,
				E5A57C29158AA99300D4809E /* MobileCoreServices.framework */,
				E5A57C27158AA98E00D4809E /* CFNetwork.framework */,
				E528A0521587352700BEE946 /* libiconv.dylib */,
				E528A0501587351600BEE946 /* QuartzCore.framework */,
				E528A04E1587350D00BEE946 /* CoreVideo.framework */,
				E528A04C158734FA00BEE946 /* CoreMedia.framework */,
				E537FEDE1585E38700734D0C /* libz.dylib */,
				E528A0491587346000BEE946 /* AVFoundation.framework */,
				E5D356481585848E00B69F44 /* UIKit.framework */,
				E5D3564A1585848E00B69F44 /* Foundation.framework */,
				E5D3564C1585848E00B69F44 /* CoreGraphics.framework */,
			);
			name = Frameworks;
			sourceTree = "<group>";
		};
		E5D3564E1585848E00B69F44 /* QRConnect */ = {
			isa = PBXGroup;
			children = (
				E5B09472158965CA00465AD9 /* Resources */,
				E5D3564F1585848E00B69F44 /* Supporting Files */,
				E5A57B8B1589774300D4809E /* Backend */,
				E528A02215871E9400BEE946 /* ViewControllers */,
				E5D356571585848E00B69F44 /* QRConnectAppDelegate.h */,
				E5D356581585848E00B69F44 /* QRConnectAppDelegate.m */,
				E59CFDE315884E2B0004B1C8 /* QRConnecter.h */,
				E59CFDE415884E2B0004B1C8 /* QRConnecter.m */,
			);
			path = QRConnect;
			sourceTree = "<group>";
		};
		E5D3564F1585848E00B69F44 /* Supporting Files */ = {
			isa = PBXGroup;
			children = (
				E5D356501585848E00B69F44 /* QRConnect-Info.plist */,
				E5D356511585848E00B69F44 /* InfoPlist.strings */,
				E5D356541585848E00B69F44 /* main.m */,
				E5D356561585848E00B69F44 /* QRConnect-Prefix.pch */,
				E59CFDEF158858B80004B1C8 /* Constants.h */,
				E59CFDF0158858B80004B1C8 /* Constants.m */,
			);
			name = "Supporting Files";
			sourceTree = "<group>";
		};
/* End PBXGroup section */

/* Begin PBXNativeTarget section */
		E5D356431585848E00B69F44 /* QRConnect */ = {
			isa = PBXNativeTarget;
			buildConfigurationList = E5D356621585848E00B69F44 /* Build configuration list for PBXNativeTarget "QRConnect" */;
			buildPhases = (
				E5D356401585848E00B69F44 /* Sources */,
				E5D356411585848E00B69F44 /* Frameworks */,
				E5D356421585848E00B69F44 /* Resources */,
			);
			buildRules = (
			);
			dependencies = (
			);
			name = QRConnect;
			productName = QRConnect;
			productReference = E5D356441585848E00B69F44 /* QRConnect.app */;
			productType = "com.apple.product-type.application";
		};
/* End PBXNativeTarget section */

/* Begin PBXProject section */
		E5D3563B1585848E00B69F44 /* Project object */ = {
			isa = PBXProject;
			attributes = {
				CLASSPREFIX = QRConnect;
				LastUpgradeCheck = 0430;
				ORGANIZATIONNAME = "Duke University";
			};
			buildConfigurationList = E5D3563E1585848E00B69F44 /* Build configuration list for PBXProject "QRConnect" */;
			compatibilityVersion = "Xcode 3.2";
			developmentRegion = English;
			hasScannedForEncodings = 0;
			knownRegions = (
				en,
			);
			mainGroup = E5D356391585848E00B69F44;
			productRefGroup = E5D356451585848E00B69F44 /* Products */;
			projectDirPath = "";
			projectRoot = "";
			targets = (
				E5D356431585848E00B69F44 /* QRConnect */,
			);
		};
/* End PBXProject section */

/* Begin PBXResourcesBuildPhase section */
		E5D356421585848E00B69F44 /* Resources */ = {
			isa = PBXResourcesBuildPhase;
			buildActionMask = 2147483647;
			files = (
				E5D356531585848E00B69F44 /* InfoPlist.strings in Resources */,
				E537FEE81585ECE100734D0C /* MainMenuViewController.xib in Resources */,
				E5184C73158DD7C700CD8310 /* zbar-back.png in Resources */,
				E5184C74158DD7C700CD8310 /* zbar-help.html in Resources */,
				E5184C75158DD7C700CD8310 /* zbar-helpicons.png in Resources */,
				E5184C76158DD7C700CD8310 /* zbar-samples.png in Resources */,
				E50AA1A2158DE3F2006B9FC1 /* FragmentShader.glsl in Resources */,
				E50AA1A3158DE3F2006B9FC1 /* NextPageFragmentShader.glsl in Resources */,
				E50AA1A4158DE3F2006B9FC1 /* NextPageNoTextureFragmentShader.glsl in Resources */,
				E50AA1A5158DE3F2006B9FC1 /* NextPageNoTextureVertexShader.glsl in Resources */,
				E50AA1A6158DE3F2006B9FC1 /* NextPageVertexShader.glsl in Resources */,
				E50AA1A7158DE3F2006B9FC1 /* VertexShader.glsl in Resources */,
				E5A6F649158EB97F00DDA516 /* CreateWaitingRoomViewController.xib in Resources */,
				E5A6F64D158EC37600DDA516 /* JoinWaitingRoomViewController.xib in Resources */,
			);
			runOnlyForDeploymentPostprocessing = 0;
		};
/* End PBXResourcesBuildPhase section */

/* Begin PBXSourcesBuildPhase section */
		E5D356401585848E00B69F44 /* Sources */ = {
			isa = PBXSourcesBuildPhase;
			buildActionMask = 2147483647;
			files = (
				E5D356551585848E00B69F44 /* main.m in Sources */,
				E5D356591585848E00B69F44 /* QRConnectAppDelegate.m in Sources */,
				E537FEE71585ECE100734D0C /* MainMenuViewController.m in Sources */,
				E537FEEC1585ED2200734D0C /* WaitingRoomViewController.m in Sources */,
				E59CFDE515884E2B0004B1C8 /* QRConnecter.m in Sources */,
				E59CFDEE158856320004B1C8 /* ViewControllerFactory.m in Sources */,
				E59CFDF1158858B80004B1C8 /* Constants.m in Sources */,
				E5A57B8F158977A900D4809E /* BackendConnecter.m in Sources */,
				E5A57BA1158A452300D4809E /* SidebarViewController.m in Sources */,
				E5D464D3158B2632000BA2C4 /* JoinWaitingRoomViewController.m in Sources */,
				E5D464DA158B3195000BA2C4 /* CreateWaitingRoomViewController.m in Sources */,
				E5184BB5158DD53800CD8310 /* ASIAuthenticationDialog.m in Sources */,
				E5184BB6158DD53800CD8310 /* ASIDataCompressor.m in Sources */,
				E5184BB7158DD53800CD8310 /* ASIDataDecompressor.m in Sources */,
				E5184BB8158DD53800CD8310 /* ASIDownloadCache.m in Sources */,
				E5184BB9158DD53800CD8310 /* ASIFormDataRequest.m in Sources */,
				E5184BBA158DD53800CD8310 /* ASIHTTPRequest.m in Sources */,
				E5184BBB158DD53800CD8310 /* ASIInputStream.m in Sources */,
				E5184BBC158DD53800CD8310 /* ASINetworkQueue.m in Sources */,
				E5184BBD158DD53800CD8310 /* Reachability.m in Sources */,
				E5184BBE158DD53800CD8310 /* NSObject+SBJson.m in Sources */,
				E5184BBF158DD53800CD8310 /* SBJsonParser.m in Sources */,
				E5184BC0158DD53800CD8310 /* SBJsonStreamParser.m in Sources */,
				E5184BC1158DD53800CD8310 /* SBJsonStreamParserAccumulator.m in Sources */,
				E5184BC2158DD53800CD8310 /* SBJsonStreamParserAdapter.m in Sources */,
				E5184BC3158DD53800CD8310 /* SBJsonStreamParserState.m in Sources */,
				E5184BC4158DD53800CD8310 /* SBJsonStreamWriter.m in Sources */,
				E5184BC5158DD53800CD8310 /* SBJsonStreamWriterAccumulator.m in Sources */,
				E5184BC6158DD53800CD8310 /* SBJsonStreamWriterState.m in Sources */,
				E5184BC7158DD53800CD8310 /* SBJsonTokeniser.m in Sources */,
				E5184BC8158DD53800CD8310 /* SBJsonUTF8Stream.m in Sources */,
				E5184BC9158DD53800CD8310 /* SBJsonWriter.m in Sources */,
				E5184BCA158DD53800CD8310 /* UINavigationItem+JTRevealSidebarV2.m in Sources */,
				E5184BCB158DD53800CD8310 /* UIViewController+JTRevealSidebarV2.m in Sources */,
				E5184BCC158DD53800CD8310 /* png.c in Sources */,
				E5184BCD158DD53800CD8310 /* pngerror.c in Sources */,
				E5184BCE158DD53800CD8310 /* pngget.c in Sources */,
				E5184BCF158DD53800CD8310 /* pngmem.c in Sources */,
				E5184BD0158DD53800CD8310 /* pngpread.c in Sources */,
				E5184BD1158DD53800CD8310 /* pngread.c in Sources */,
				E5184BD2158DD53800CD8310 /* pngrio.c in Sources */,
				E5184BD3158DD53800CD8310 /* pngrtran.c in Sources */,
				E5184BD4158DD53800CD8310 /* pngrutil.c in Sources */,
				E5184BD5158DD53800CD8310 /* pngset.c in Sources */,
				E5184BD6158DD53800CD8310 /* pngtrans.c in Sources */,
				E5184BD7158DD53800CD8310 /* pngwio.c in Sources */,
				E5184BD8158DD53800CD8310 /* pngwrite.c in Sources */,
				E5184BD9158DD53800CD8310 /* pngwtran.c in Sources */,
				E5184BDA158DD53800CD8310 /* pngwutil.c in Sources */,
				E5184BDC158DD53800CD8310 /* FileManager.m in Sources */,
				E5184BDD158DD53800CD8310 /* qr_draw_png.mm in Sources */,
				E5184BDE158DD53800CD8310 /* QR_Encode.mm in Sources */,
				E5184BDF158DD53800CD8310 /* base64.c in Sources */,
				E5184BE0158DD53800CD8310 /* NSData+SRB64Additions.m in Sources */,
				E5184BE1158DD53800CD8310 /* SRWebSocket.m in Sources */,
				E5184BE8158DD60200CD8310 /* Barcode.mm in Sources */,
				E50AA1A1158DE3F2006B9FC1 /* CGPointAdditions.c in Sources */,
				E50AA1A8158DE3F2006B9FC1 /* XBAnimation.m in Sources */,
				E50AA1A9158DE3F2006B9FC1 /* XBAnimationManager.m in Sources */,
				E50AA1AA158DE3F2006B9FC1 /* XBCurlView.m in Sources */,
				E50AA1AB158DE3F2006B9FC1 /* XBPageCurlView.m in Sources */,
				E50AA1AC158DE3F2006B9FC1 /* XBPageDragView.m in Sources */,
				E50AA1AD158DE3F2006B9FC1 /* XBSnappingPoint.m in Sources */,
			);
			runOnlyForDeploymentPostprocessing = 0;
		};
/* End PBXSourcesBuildPhase section */

/* Begin PBXVariantGroup section */
		E5D356511585848E00B69F44 /* InfoPlist.strings */ = {
			isa = PBXVariantGroup;
			children = (
				E5D356521585848E00B69F44 /* en */,
			);
			name = InfoPlist.strings;
			sourceTree = "<group>";
		};
/* End PBXVariantGroup section */

/* Begin XCBuildConfiguration section */
		E5D356601585848E00B69F44 /* Debug */ = {
			isa = XCBuildConfiguration;
			buildSettings = {
				ALWAYS_SEARCH_USER_PATHS = NO;
				ARCHS = "$(ARCHS_STANDARD_32_BIT)";
				"CODE_SIGN_IDENTITY[sdk=iphoneos*]" = "iPhone Developer";
				COPY_PHASE_STRIP = NO;
				GCC_C_LANGUAGE_STANDARD = gnu99;
				GCC_DYNAMIC_NO_PIC = NO;
				GCC_OPTIMIZATION_LEVEL = 0;
				GCC_PREPROCESSOR_DEFINITIONS = (
					"DEBUG=1",
					"$(inherited)",
				);
				GCC_SYMBOLS_PRIVATE_EXTERN = NO;
				GCC_VERSION = com.apple.compilers.llvm.clang.1_0;
				GCC_WARN_ABOUT_RETURN_TYPE = YES;
				GCC_WARN_UNINITIALIZED_AUTOS = YES;
				GCC_WARN_UNUSED_VARIABLE = YES;
				IPHONEOS_DEPLOYMENT_TARGET = 5.1;
				SDKROOT = iphoneos;
			};
			name = Debug;
		};
		E5D356611585848E00B69F44 /* Release */ = {
			isa = XCBuildConfiguration;
			buildSettings = {
				ALWAYS_SEARCH_USER_PATHS = NO;
				ARCHS = "$(ARCHS_STANDARD_32_BIT)";
				"CODE_SIGN_IDENTITY[sdk=iphoneos*]" = "iPhone Developer";
				COPY_PHASE_STRIP = YES;
				GCC_C_LANGUAGE_STANDARD = gnu99;
				GCC_VERSION = com.apple.compilers.llvm.clang.1_0;
				GCC_WARN_ABOUT_RETURN_TYPE = YES;
				GCC_WARN_UNINITIALIZED_AUTOS = YES;
				GCC_WARN_UNUSED_VARIABLE = YES;
				IPHONEOS_DEPLOYMENT_TARGET = 5.1;
				OTHER_CFLAGS = "-DNS_BLOCK_ASSERTIONS=1";
				SDKROOT = iphoneos;
				VALIDATE_PRODUCT = YES;
			};
			name = Release;
		};
		E5D356631585848E00B69F44 /* Debug */ = {
			isa = XCBuildConfiguration;
			buildSettings = {
				GCC_PRECOMPILE_PREFIX_HEADER = YES;
				GCC_PREFIX_HEADER = "QRConnect/QRConnect-Prefix.pch";
				INFOPLIST_FILE = "QRConnect/QRConnect-Info.plist";
				IPHONEOS_DEPLOYMENT_TARGET = 4.3;
				LIBRARY_SEARCH_PATHS = (
					"$(inherited)",
					"\"$(SRCROOT)/ZBarSDK\"",
					"\"$(SRCROOT)/Libraries/ZBarSDK\"",
				);
				PRODUCT_NAME = "$(TARGET_NAME)";
				WRAPPER_EXTENSION = app;
			};
			name = Debug;
		};
		E5D356641585848E00B69F44 /* Release */ = {
			isa = XCBuildConfiguration;
			buildSettings = {
				GCC_PRECOMPILE_PREFIX_HEADER = YES;
				GCC_PREFIX_HEADER = "QRConnect/QRConnect-Prefix.pch";
				INFOPLIST_FILE = "QRConnect/QRConnect-Info.plist";
				IPHONEOS_DEPLOYMENT_TARGET = 4.3;
				LIBRARY_SEARCH_PATHS = (
					"$(inherited)",
					"\"$(SRCROOT)/ZBarSDK\"",
					"\"$(SRCROOT)/Libraries/ZBarSDK\"",
				);
				PRODUCT_NAME = "$(TARGET_NAME)";
				WRAPPER_EXTENSION = app;
			};
			name = Release;
		};
/* End XCBuildConfiguration section */

/* Begin XCConfigurationList section */
		E5D3563E1585848E00B69F44 /* Build configuration list for PBXProject "QRConnect" */ = {
			isa = XCConfigurationList;
			buildConfigurations = (
				E5D356601585848E00B69F44 /* Debug */,
				E5D356611585848E00B69F44 /* Release */,
			);
			defaultConfigurationIsVisible = 0;
			defaultConfigurationName = Release;
		};
		E5D356621585848E00B69F44 /* Build configuration list for PBXNativeTarget "QRConnect" */ = {
			isa = XCConfigurationList;
			buildConfigurations = (
				E5D356631585848E00B69F44 /* Debug */,
				E5D356641585848E00B69F44 /* Release */,
			);
			defaultConfigurationIsVisible = 0;
			defaultConfigurationName = Release;
		};
/* End XCConfigurationList section */
	};
	rootObject = E5D3563B1585848E00B69F44 /* Project object */;
}
